// !$*UTF8*$!
{
	archiveVersion = 1;
	classes = {
	};
	objectVersion = 50;
	objects = {

/* Begin PBXBuildFile section */
		8869A3B7D7074E2D37A1710B /* Pods_GithubStargazersModels.framework in Frameworks */ = {isa = PBXBuildFile; fileRef = 9F5ADF60F368929B8E56EFC9 /* Pods_GithubStargazersModels.framework */; };
		F735C2EE25D542300067D35A /* GithubStargazersModels.h in Headers */ = {isa = PBXBuildFile; fileRef = F735C2EC25D542300067D35A /* GithubStargazersModels.h */; settings = {ATTRIBUTES = (Public, ); }; };
		F735C35725D5477D0067D35A /* GithubUser.swift in Sources */ = {isa = PBXBuildFile; fileRef = F735C35625D5477D0067D35A /* GithubUser.swift */; };
		F735C36625D54AE00067D35A /* StargazersRequestDTO.swift in Sources */ = {isa = PBXBuildFile; fileRef = F735C36525D54AE00067D35A /* StargazersRequestDTO.swift */; };
/* End PBXBuildFile section */

/* Begin PBXFileReference section */
		9DCA83EFF3DE58C5A8390CC4 /* Pods-GithubStargazersModels.debug.xcconfig */ = {isa = PBXFileReference; includeInIndex = 1; lastKnownFileType = text.xcconfig; name = "Pods-GithubStargazersModels.debug.xcconfig"; path = "Target Support Files/Pods-GithubStargazersModels/Pods-GithubStargazersModels.debug.xcconfig"; sourceTree = "<group>"; };
		9F5ADF60F368929B8E56EFC9 /* Pods_GithubStargazersModels.framework */ = {isa = PBXFileReference; explicitFileType = wrapper.framework; includeInIndex = 0; path = Pods_GithubStargazersModels.framework; sourceTree = BUILT_PRODUCTS_DIR; };
		C69E5AE200D9F81D11E934AF /* Pods-GithubStargazersModels.release.xcconfig */ = {isa = PBXFileReference; includeInIndex = 1; lastKnownFileType = text.xcconfig; name = "Pods-GithubStargazersModels.release.xcconfig"; path = "Target Support Files/Pods-GithubStargazersModels/Pods-GithubStargazersModels.release.xcconfig"; sourceTree = "<group>"; };
		F735C2E925D542300067D35A /* GithubStargazersModels.framework */ = {isa = PBXFileReference; explicitFileType = wrapper.framework; includeInIndex = 0; path = GithubStargazersModels.framework; sourceTree = BUILT_PRODUCTS_DIR; };
		F735C2EC25D542300067D35A /* GithubStargazersModels.h */ = {isa = PBXFileReference; lastKnownFileType = sourcecode.c.h; path = GithubStargazersModels.h; sourceTree = "<group>"; };
		F735C2ED25D542300067D35A /* Info.plist */ = {isa = PBXFileReference; lastKnownFileType = text.plist.xml; path = Info.plist; sourceTree = "<group>"; };
		F735C35625D5477D0067D35A /* GithubUser.swift */ = {isa = PBXFileReference; lastKnownFileType = sourcecode.swift; path = GithubUser.swift; sourceTree = "<group>"; };
		F735C36525D54AE00067D35A /* StargazersRequestDTO.swift */ = {isa = PBXFileReference; lastKnownFileType = sourcecode.swift; path = StargazersRequestDTO.swift; sourceTree = "<group>"; };
/* End PBXFileReference section */

/* Begin PBXFrameworksBuildPhase section */
		F735C2E625D542300067D35A /* Frameworks */ = {
			isa = PBXFrameworksBuildPhase;
			buildActionMask = 2147483647;
			files = (
				8869A3B7D7074E2D37A1710B /* Pods_GithubStargazersModels.framework in Frameworks */,
			);
			runOnlyForDeploymentPostprocessing = 0;
		};
/* End PBXFrameworksBuildPhase section */

/* Begin PBXGroup section */
		B43876D035CE54119440F478 /* Frameworks */ = {
			isa = PBXGroup;
			children = (
				9F5ADF60F368929B8E56EFC9 /* Pods_GithubStargazersModels.framework */,
			);
			name = Frameworks;
			sourceTree = "<group>";
		};
		EB204DF474304FF18002A924 /* Pods */ = {
			isa = PBXGroup;
			children = (
				9DCA83EFF3DE58C5A8390CC4 /* Pods-GithubStargazersModels.debug.xcconfig */,
				C69E5AE200D9F81D11E934AF /* Pods-GithubStargazersModels.release.xcconfig */,
			);
			name = Pods;
			path = ../Pods;
			sourceTree = "<group>";
		};
		F735C2DF25D542300067D35A = {
			isa = PBXGroup;
			children = (
				F735C2EB25D542300067D35A /* GithubStargazersModels */,
				F735C2EA25D542300067D35A /* Products */,
				EB204DF474304FF18002A924 /* Pods */,
				B43876D035CE54119440F478 /* Frameworks */,
			);
			sourceTree = "<group>";
		};
		F735C2EA25D542300067D35A /* Products */ = {
			isa = PBXGroup;
			children = (
				F735C2E925D542300067D35A /* GithubStargazersModels.framework */,
			);
			name = Products;
			sourceTree = "<group>";
		};
		F735C2EB25D542300067D35A /* GithubStargazersModels */ = {
			isa = PBXGroup;
			children = (
				F735C36025D5480F0067D35A /* Sources */,
				F735C2EC25D542300067D35A /* GithubStargazersModels.h */,
				F735C2ED25D542300067D35A /* Info.plist */,
			);
			path = GithubStargazersModels;
			sourceTree = "<group>";
		};
		F735C36025D5480F0067D35A /* Sources */ = {
			isa = PBXGroup;
			children = (
				F735C36425D54AC90067D35A /* DTO */,
				F735C35625D5477D0067D35A /* GithubUser.swift */,
			);
			path = Sources;
			sourceTree = "<group>";
		};
		F735C36425D54AC90067D35A /* DTO */ = {
			isa = PBXGroup;
			children = (
				F735C36525D54AE00067D35A /* StargazersRequestDTO.swift */,
			);
			path = DTO;
			sourceTree = "<group>";
		};
/* End PBXGroup section */

/* Begin PBXHeadersBuildPhase section */
		F735C2E425D542300067D35A /* Headers */ = {
			isa = PBXHeadersBuildPhase;
			buildActionMask = 2147483647;
			files = (
				F735C2EE25D542300067D35A /* GithubStargazersModels.h in Headers */,
			);
			runOnlyForDeploymentPostprocessing = 0;
		};
/* End PBXHeadersBuildPhase section */

/* Begin PBXNativeTarget section */
		F735C2E825D542300067D35A /* GithubStargazersModels */ = {
			isa = PBXNativeTarget;
			buildConfigurationList = F735C2F125D542300067D35A /* Build configuration list for PBXNativeTarget "GithubStargazersModels" */;
			buildPhases = (
				B566FD17365DD1F19B985E6D /* [CP] Check Pods Manifest.lock */,
				F735C2E425D542300067D35A /* Headers */,
				F735C2E525D542300067D35A /* Sources */,
				F735C2E625D542300067D35A /* Frameworks */,
				F735C2E725D542300067D35A /* Resources */,
			);
			buildRules = (
			);
			dependencies = (
			);
			name = GithubStargazersModels;
			productName = GithubStargazersModels;
			productReference = F735C2E925D542300067D35A /* GithubStargazersModels.framework */;
			productType = "com.apple.product-type.framework";
		};
/* End PBXNativeTarget section */

/* Begin PBXProject section */
		F735C2E025D542300067D35A /* Project object */ = {
			isa = PBXProject;
			attributes = {
				LastUpgradeCheck = 1240;
				TargetAttributes = {
					F735C2E825D542300067D35A = {
						CreatedOnToolsVersion = 12.4;
						LastSwiftMigration = 1240;
					};
				};
			};
			buildConfigurationList = F735C2E325D542300067D35A /* Build configuration list for PBXProject "GithubStargazersModels" */;
			compatibilityVersion = "Xcode 9.3";
			developmentRegion = en;
			hasScannedForEncodings = 0;
			knownRegions = (
				en,
				Base,
			);
			mainGroup = F735C2DF25D542300067D35A;
			productRefGroup = F735C2EA25D542300067D35A /* Products */;
			projectDirPath = "";
			projectRoot = "";
			targets = (
				F735C2E825D542300067D35A /* GithubStargazersModels */,
			);
		};
/* End PBXProject section */

/* Begin PBXResourcesBuildPhase section */
		F735C2E725D542300067D35A /* Resources */ = {
			isa = PBXResourcesBuildPhase;
			buildActionMask = 2147483647;
			files = (
			);
			runOnlyForDeploymentPostprocessing = 0;
		};
/* End PBXResourcesBuildPhase section */

/* Begin PBXShellScriptBuildPhase section */
		B566FD17365DD1F19B985E6D /* [CP] Check Pods Manifest.lock */ = {
			isa = PBXShellScriptBuildPhase;
			buildActionMask = 2147483647;
			files = (
			);
			inputFileListPaths = (
			);
			inputPaths = (
				"${PODS_PODFILE_DIR_PATH}/Podfile.lock",
				"${PODS_ROOT}/Manifest.lock",
			);
			name = "[CP] Check Pods Manifest.lock";
			outputFileListPaths = (
			);
			outputPaths = (
				"$(DERIVED_FILE_DIR)/Pods-GithubStargazersModels-checkManifestLockResult.txt",
			);
			runOnlyForDeploymentPostprocessing = 0;
			shellPath = /bin/sh;
			shellScript = "diff \"${PODS_PODFILE_DIR_PATH}/Podfile.lock\" \"${PODS_ROOT}/Manifest.lock\" > /dev/null\nif [ $? != 0 ] ; then\n    # print error to STDERR\n    echo \"error: The sandbox is not in sync with the Podfile.lock. Run 'pod install' or update your CocoaPods installation.\" >&2\n    exit 1\nfi\n# This output is used by Xcode 'outputs' to avoid re-running this script phase.\necho \"SUCCESS\" > \"${SCRIPT_OUTPUT_FILE_0}\"\n";
			showEnvVarsInLog = 0;
		};
/* End PBXShellScriptBuildPhase section */

/* Begin PBXSourcesBuildPhase section */
		F735C2E525D542300067D35A /* Sources */ = {
			isa = PBXSourcesBuildPhase;
			buildActionMask = 2147483647;
			files = (
				F735C35725D5477D0067D35A /* GithubUser.swift in Sources */,
				F735C36625D54AE00067D35A /* StargazersRequestDTO.swift in Sources */,
			);
			runOnlyForDeploymentPostprocessing = 0;
		};
/* End PBXSourcesBuildPhase section */

/* Begin XCBuildConfiguration section */
		F735C2EF25D542300067D35A /* Debug */ = {
			isa = XCBuildConfiguration;
			buildSettings = {
				ALWAYS_SEARCH_USER_PATHS = NO;
				CLANG_ANALYZER_NONNULL = YES;
				CLANG_ANALYZER_NUMBER_OBJECT_CONVERSION = YES_AGGRESSIVE;
				CLANG_CXX_LANGUAGE_STANDARD = "gnu++14";
				CLANG_CXX_LIBRARY = "libc++";
				CLANG_ENABLE_MODULES = YES;
				CLANG_ENABLE_OBJC_ARC = YES;
				CLANG_ENABLE_OBJC_WEAK = YES;
				CLANG_WARN_BLOCK_CAPTURE_AUTORELEASING = YES;
				CLANG_WARN_BOOL_CONVERSION = YES;
				CLANG_WARN_COMMA = YES;
				CLANG_WARN_CONSTANT_CONVERSION = YES;
				CLANG_WARN_DEPRECATED_OBJC_IMPLEMENTATIONS = YES;
				CLANG_WARN_DIRECT_OBJC_ISA_USAGE = YES_ERROR;
				CLANG_WARN_DOCUMENTATION_COMMENTS = YES;
				CLANG_WARN_EMPTY_BODY = YES;
				CLANG_WARN_ENUM_CONVERSION = YES;
				CLANG_WARN_INFINITE_RECURSION = YES;
				CLANG_WARN_INT_CONVERSION = YES;
				CLANG_WARN_NON_LITERAL_NULL_CONVERSION = YES;
				CLANG_WARN_OBJC_IMPLICIT_RETAIN_SELF = YES;
				CLANG_WARN_OBJC_LITERAL_CONVERSION = YES;
				CLANG_WARN_OBJC_ROOT_CLASS = YES_ERROR;
				CLANG_WARN_QUOTED_INCLUDE_IN_FRAMEWORK_HEADER = YES;
				CLANG_WARN_RANGE_LOOP_ANALYSIS = YES;
				CLANG_WARN_STRICT_PROTOTYPES = YES;
				CLANG_WARN_SUSPICIOUS_MOVE = YES;
				CLANG_WARN_UNGUARDED_AVAILABILITY = YES_AGGRESSIVE;
				CLANG_WARN_UNREACHABLE_CODE = YES;
				CLANG_WARN__DUPLICATE_METHOD_MATCH = YES;
				COPY_PHASE_STRIP = NO;
				CURRENT_PROJECT_VERSION = 1;
				DEBUG_INFORMATION_FORMAT = dwarf;
				ENABLE_STRICT_OBJC_MSGSEND = YES;
				ENABLE_TESTABILITY = YES;
				GCC_C_LANGUAGE_STANDARD = gnu11;
				GCC_DYNAMIC_NO_PIC = NO;
				GCC_NO_COMMON_BLOCKS = YES;
				GCC_OPTIMIZATION_LEVEL = 0;
				GCC_PREPROCESSOR_DEFINITIONS = (
					"DEBUG=1",
					"$(inherited)",
				);
				GCC_WARN_64_TO_32_BIT_CONVERSION = YES;
				GCC_WARN_ABOUT_RETURN_TYPE = YES_ERROR;
				GCC_WARN_UNDECLARED_SELECTOR = YES;
				GCC_WARN_UNINITIALIZED_AUTOS = YES_AGGRESSIVE;
				GCC_WARN_UNUSED_FUNCTION = YES;
				GCC_WARN_UNUSED_VARIABLE = YES;
				IPHONEOS_DEPLOYMENT_TARGET = 14.4;
				MTL_ENABLE_DEBUG_INFO = INCLUDE_SOURCE;
				MTL_FAST_MATH = YES;
				ONLY_ACTIVE_ARCH = YES;
				SDKROOT = iphoneos;
				SWIFT_ACTIVE_COMPILATION_CONDITIONS = DEBUG;
				SWIFT_OPTIMIZATION_LEVEL = "-Onone";
				VERSIONING_SYSTEM = "apple-generic";
				VERSION_INFO_PREFIX = "";
			};
			name = Debug;
		};
		F735C2F025D542300067D35A /* Release */ = {
			isa = XCBuildConfiguration;
			buildSettings = {
				ALWAYS_SEARCH_USER_PATHS = NO;
				CLANG_ANALYZER_NONNULL = YES;
				CLANG_ANALYZER_NUMBER_OBJECT_CONVERSION = YES_AGGRESSIVE;
				CLANG_CXX_LANGUAGE_STANDARD = "gnu++14";
				CLANG_CXX_LIBRARY = "libc++";
				CLANG_ENABLE_MODULES = YES;
				CLANG_ENABLE_OBJC_ARC = YES;
				CLANG_ENABLE_OBJC_WEAK = YES;
				CLANG_WARN_BLOCK_CAPTURE_AUTORELEASING = YES;
				CLANG_WARN_BOOL_CONVERSION = YES;
				CLANG_WARN_COMMA = YES;
				CLANG_WARN_CONSTANT_CONVERSION = YES;
				CLANG_WARN_DEPRECATED_OBJC_IMPLEMENTATIONS = YES;
				CLANG_WARN_DIRECT_OBJC_ISA_USAGE = YES_ERROR;
				CLANG_WARN_DOCUMENTATION_COMMENTS = YES;
				CLANG_WARN_EMPTY_BODY = YES;
				CLANG_WARN_ENUM_CONVERSION = YES;
				CLANG_WARN_INFINITE_RECURSION = YES;
				CLANG_WARN_INT_CONVERSION = YES;
				CLANG_WARN_NON_LITERAL_NULL_CONVERSION = YES;
				CLANG_WARN_OBJC_IMPLICIT_RETAIN_SELF = YES;
				CLANG_WARN_OBJC_LITERAL_CONVERSION = YES;
				CLANG_WARN_OBJC_ROOT_CLASS = YES_ERROR;
				CLANG_WARN_QUOTED_INCLUDE_IN_FRAMEWORK_HEADER = YES;
				CLANG_WARN_RANGE_LOOP_ANALYSIS = YES;
				CLANG_WARN_STRICT_PROTOTYPES = YES;
				CLANG_WARN_SUSPICIOUS_MOVE = YES;
				CLANG_WARN_UNGUARDED_AVAILABILITY = YES_AGGRESSIVE;
				CLANG_WARN_UNREACHABLE_CODE = YES;
				CLANG_WARN__DUPLICATE_METHOD_MATCH = YES;
				COPY_PHASE_STRIP = NO;
				CURRENT_PROJECT_VERSION = 1;
				DEBUG_INFORMATION_FORMAT = "dwarf-with-dsym";
				ENABLE_NS_ASSERTIONS = NO;
				ENABLE_STRICT_OBJC_MSGSEND = YES;
				GCC_C_LANGUAGE_STANDARD = gnu11;
				GCC_NO_COMMON_BLOCKS = YES;
				GCC_WARN_64_TO_32_BIT_CONVERSION = YES;
				GCC_WARN_ABOUT_RETURN_TYPE = YES_ERROR;
				GCC_WARN_UNDECLARED_SELECTOR = YES;
				GCC_WARN_UNINITIALIZED_AUTOS = YES_AGGRESSIVE;
				GCC_WARN_UNUSED_FUNCTION = YES;
				GCC_WARN_UNUSED_VARIABLE = YES;
				IPHONEOS_DEPLOYMENT_TARGET = 14.4;
				MTL_ENABLE_DEBUG_INFO = NO;
				MTL_FAST_MATH = YES;
				SDKROOT = iphoneos;
				SWIFT_COMPILATION_MODE = wholemodule;
				SWIFT_OPTIMIZATION_LEVEL = "-O";
				VALIDATE_PRODUCT = YES;
				VERSIONING_SYSTEM = "apple-generic";
				VERSION_INFO_PREFIX = "";
			};
			name = Release;
		};
		F735C2F225D542300067D35A /* Debug */ = {
			isa = XCBuildConfiguration;
			baseConfigurationReference = 9DCA83EFF3DE58C5A8390CC4 /* Pods-GithubStargazersModels.debug.xcconfig */;
			buildSettings = {
				CLANG_ENABLE_MODULES = YES;
				CODE_SIGN_STYLE = Automatic;
				DEFINES_MODULE = YES;
				DYLIB_COMPATIBILITY_VERSION = 1;
				DYLIB_CURRENT_VERSION = 1;
				DYLIB_INSTALL_NAME_BASE = "@rpath";
				INFOPLIST_FILE = GithubStargazersModels/Info.plist;
				INSTALL_PATH = "$(LOCAL_LIBRARY_DIR)/Frameworks";
				LD_RUNPATH_SEARCH_PATHS = (
					"$(inherited)",
					"@executable_path/Frameworks",
					"@loader_path/Frameworks",
				);
				PRODUCT_BUNDLE_IDENTIFIER = com.githubstargazers.models;
				PRODUCT_NAME = "$(TARGET_NAME:c99extidentifier)";
				SKIP_INSTALL = YES;
				SUPPORTS_MACCATALYST = NO;
				SWIFT_OPTIMIZATION_LEVEL = "-Onone";
				SWIFT_VERSION = 5.0;
				TARGETED_DEVICE_FAMILY = 1;
			};
			name = Debug;
		};
		F735C2F325D542300067D35A /* Release */ = {
			isa = XCBuildConfiguration;
			baseConfigurationReference = C69E5AE200D9F81D11E934AF /* Pods-GithubStargazersModels.release.xcconfig */;
			buildSettings = {
				CLANG_ENABLE_MODULES = YES;
				CODE_SIGN_STYLE = Automatic;
				DEFINES_MODULE = YES;
				DYLIB_COMPATIBILITY_VERSION = 1;
				DYLIB_CURRENT_VERSION = 1;
				DYLIB_INSTALL_NAME_BASE = "@rpath";
				INFOPLIST_FILE = GithubStargazersModels/Info.plist;
				INSTALL_PATH = "$(LOCAL_LIBRARY_DIR)/Frameworks";
				LD_RUNPATH_SEARCH_PATHS = (
					"$(inherited)",
					"@executable_path/Frameworks",
					"@loader_path/Frameworks",
				);
				PRODUCT_BUNDLE_IDENTIFIER = com.githubstargazers.models;
				PRODUCT_NAME = "$(TARGET_NAME:c99extidentifier)";
				SKIP_INSTALL = YES;
				SUPPORTS_MACCATALYST = NO;
				SWIFT_VERSION = 5.0;
				TARGETED_DEVICE_FAMILY = 1;
			};
			name = Release;
		};
/* End XCBuildConfiguration section */

/* Begin XCConfigurationList section */
		F735C2E325D542300067D35A /* Build configuration list for PBXProject "GithubStargazersModels" */ = {
			isa = XCConfigurationList;
			buildConfigurations = (
				F735C2EF25D542300067D35A /* Debug */,
				F735C2F025D542300067D35A /* Release */,
			);
			defaultConfigurationIsVisible = 0;
			defaultConfigurationName = Release;
		};
		F735C2F125D542300067D35A /* Build configuration list for PBXNativeTarget "GithubStargazersModels" */ = {
			isa = XCConfigurationList;
			buildConfigurations = (
				F735C2F225D542300067D35A /* Debug */,
				F735C2F325D542300067D35A /* Release */,
			);
			defaultConfigurationIsVisible = 0;
			defaultConfigurationName = Release;
		};
/* End XCConfigurationList section */
	};
	rootObject = F735C2E025D542300067D35A /* Project object */;
}
